
Microsoft Visual Studio Solution File, Format Version 12.00
# Visual Studio Version 17
VisualStudioVersion = 17.0.31903.59
MinimumVisualStudioVersion = 10.0.40219.1
Project("{FAE04EC0-301F-11D3-BF4B-00C04F79EFBC}") = "GuitarForm", "GuitarForm\GuitarForm.csproj", "{E9A81C37-75B1-498F-87FD-AA27181368A8}"
EndProject
Project("{FAE04EC0-301F-11D3-BF4B-00C04F79EFBC}") = "GuitarForm.Tests", "GuitarForm.Tests\GuitarForm.Tests.csproj", "{743BBCE9-D75F-4BE5-B07D-FBF45C2AB803}"
EndProject
Project("{FAE04EC0-301F-11D3-BF4B-00C04F79EFBC}") = "GuitarForm.Model", "GuitarForm.Model\GuitarForm.Model.csproj", "{977E519C-4612-4B15-8E20-D0AE7D441D3A}"
EndProject
Project("{FAE04EC0-301F-11D3-BF4B-00C04F79EFBC}") = "GuitarForm.Geometry", "GuitarForm.Geometry\GuitarForm.Geometry.csproj", "{FC764FD8-A881-48B0-B88F-5F2789EFB498}"
EndProject
Project("{FAE04EC0-301F-11D3-BF4B-00C04F79EFBC}") = "GuitarForm.Data", "GuitarForm.Data\GuitarForm.Data.csproj", "{23FE78F2-6113-41C7-A98A-C08FF88E9CD5}"
EndProject
Global
	GlobalSection(SolutionConfigurationPlatforms) = preSolution
		Debug|Any CPU = Debug|Any CPU
		Debug|x64 = Debug|x64
		Debug|x86 = Debug|x86
		Release|Any CPU = Release|Any CPU
		Release|x64 = Release|x64
		Release|x86 = Release|x86
	EndGlobalSection
	GlobalSection(ProjectConfigurationPlatforms) = postSolution
		{E9A81C37-75B1-498F-87FD-AA27181368A8}.Debug|Any CPU.ActiveCfg = Debug|Any CPU
		{E9A81C37-75B1-498F-87FD-AA27181368A8}.Debug|Any CPU.Build.0 = Debug|Any CPU
		{E9A81C37-75B1-498F-87FD-AA27181368A8}.Debug|x64.ActiveCfg = Debug|Any CPU
		{E9A81C37-75B1-498F-87FD-AA27181368A8}.Debug|x64.Build.0 = Debug|Any CPU
		{E9A81C37-75B1-498F-87FD-AA27181368A8}.Debug|x86.ActiveCfg = Debug|Any CPU
		{E9A81C37-75B1-498F-87FD-AA27181368A8}.Debug|x86.Build.0 = Debug|Any CPU
		{E9A81C37-75B1-498F-87FD-AA27181368A8}.Release|Any CPU.ActiveCfg = Release|Any CPU
		{E9A81C37-75B1-498F-87FD-AA27181368A8}.Release|Any CPU.Build.0 = Release|Any CPU
		{E9A81C37-75B1-498F-87FD-AA27181368A8}.Release|x64.ActiveCfg = Release|Any CPU
		{E9A81C37-75B1-498F-87FD-AA27181368A8}.Release|x64.Build.0 = Release|Any CPU
		{E9A81C37-75B1-498F-87FD-AA27181368A8}.Release|x86.ActiveCfg = Release|Any CPU
		{E9A81C37-75B1-498F-87FD-AA27181368A8}.Release|x86.Build.0 = Release|Any CPU
		{743BBCE9-D75F-4BE5-B07D-FBF45C2AB803}.Debug|Any CPU.ActiveCfg = Debug|Any CPU
		{743BBCE9-D75F-4BE5-B07D-FBF45C2AB803}.Debug|Any CPU.Build.0 = Debug|Any CPU
		{743BBCE9-D75F-4BE5-B07D-FBF45C2AB803}.Debug|x64.ActiveCfg = Debug|Any CPU
		{743BBCE9-D75F-4BE5-B07D-FBF45C2AB803}.Debug|x64.Build.0 = Debug|Any CPU
		{743BBCE9-D75F-4BE5-B07D-FBF45C2AB803}.Debug|x86.ActiveCfg = Debug|Any CPU
		{743BBCE9-D75F-4BE5-B07D-FBF45C2AB803}.Debug|x86.Build.0 = Debug|Any CPU
		{743BBCE9-D75F-4BE5-B07D-FBF45C2AB803}.Release|Any CPU.ActiveCfg = Release|Any CPU
		{743BBCE9-D75F-4BE5-B07D-FBF45C2AB803}.Release|Any CPU.Build.0 = Release|Any CPU
		{743BBCE9-D75F-4BE5-B07D-FBF45C2AB803}.Release|x64.ActiveCfg = Release|Any CPU
		{743BBCE9-D75F-4BE5-B07D-FBF45C2AB803}.Release|x64.Build.0 = Release|Any CPU
		{743BBCE9-D75F-4BE5-B07D-FBF45C2AB803}.Release|x86.ActiveCfg = Release|Any CPU
		{743BBCE9-D75F-4BE5-B07D-FBF45C2AB803}.Release|x86.Build.0 = Release|Any CPU
		{977E519C-4612-4B15-8E20-D0AE7D441D3A}.Debug|Any CPU.ActiveCfg = Debug|Any CPU
		{977E519C-4612-4B15-8E20-D0AE7D441D3A}.Debug|Any CPU.Build.0 = Debug|Any CPU
		{977E519C-4612-4B15-8E20-D0AE7D441D3A}.Debug|x64.ActiveCfg = Debug|Any CPU
		{977E519C-4612-4B15-8E20-D0AE7D441D3A}.Debug|x64.Build.0 = Debug|Any CPU
		{977E519C-4612-4B15-8E20-D0AE7D441D3A}.Debug|x86.ActiveCfg = Debug|Any CPU
		{977E519C-4612-4B15-8E20-D0AE7D441D3A}.Debug|x86.Build.0 = Debug|Any CPU
		{977E519C-4612-4B15-8E20-D0AE7D441D3A}.Release|Any CPU.ActiveCfg = Release|Any CPU
		{977E519C-4612-4B15-8E20-D0AE7D441D3A}.Release|Any CPU.Build.0 = Release|Any CPU
		{977E519C-4612-4B15-8E20-D0AE7D441D3A}.Release|x64.ActiveCfg = Release|Any CPU
		{977E519C-4612-4B15-8E20-D0AE7D441D3A}.Release|x64.Build.0 = Release|Any CPU
		{977E519C-4612-4B15-8E20-D0AE7D441D3A}.Release|x86.ActiveCfg = Release|Any CPU
		{977E519C-4612-4B15-8E20-D0AE7D441D3A}.Release|x86.Build.0 = Release|Any CPU
		{FC764FD8-A881-48B0-B88F-5F2789EFB498}.Debug|Any CPU.ActiveCfg = Debug|Any CPU
		{FC764FD8-A881-48B0-B88F-5F2789EFB498}.Debug|Any CPU.Build.0 = Debug|Any CPU
		{FC764FD8-A881-48B0-B88F-5F2789EFB498}.Debug|x64.ActiveCfg = Debug|Any CPU
		{FC764FD8-A881-48B0-B88F-5F2789EFB498}.Debug|x64.Build.0 = Debug|Any CPU
		{FC764FD8-A881-48B0-B88F-5F2789EFB498}.Debug|x86.ActiveCfg = Debug|Any CPU
		{FC764FD8-A881-48B0-B88F-5F2789EFB498}.Debug|x86.Build.0 = Debug|Any CPU
		{FC764FD8-A881-48B0-B88F-5F2789EFB498}.Release|Any CPU.ActiveCfg = Release|Any CPU
		{FC764FD8-A881-48B0-B88F-5F2789EFB498}.Release|Any CPU.Build.0 = Release|Any CPU
		{FC764FD8-A881-48B0-B88F-5F2789EFB498}.Release|x64.ActiveCfg = Release|Any CPU
		{FC764FD8-A881-48B0-B88F-5F2789EFB498}.Release|x64.Build.0 = Release|Any CPU
		{FC764FD8-A881-48B0-B88F-5F2789EFB498}.Release|x86.ActiveCfg = Release|Any CPU
		{FC764FD8-A881-48B0-B88F-5F2789EFB498}.Release|x86.Build.0 = Release|Any CPU
		{23FE78F2-6113-41C7-A98A-C08FF88E9CD5}.Debug|Any CPU.ActiveCfg = Debug|Any CPU
		{23FE78F2-6113-41C7-A98A-C08FF88E9CD5}.Debug|Any CPU.Build.0 = Debug|Any CPU
		{23FE78F2-6113-41C7-A98A-C08FF88E9CD5}.Debug|x64.ActiveCfg = Debug|Any CPU
		{23FE78F2-6113-41C7-A98A-C08FF88E9CD5}.Debug|x64.Build.0 = Debug|Any CPU
		{23FE78F2-6113-41C7-A98A-C08FF88E9CD5}.Debug|x86.ActiveCfg = Debug|Any CPU
		{23FE78F2-6113-41C7-A98A-C08FF88E9CD5}.Debug|x86.Build.0 = Debug|Any CPU
		{23FE78F2-6113-41C7-A98A-C08FF88E9CD5}.Release|Any CPU.ActiveCfg = Release|Any CPU
		{23FE78F2-6113-41C7-A98A-C08FF88E9CD5}.Release|Any CPU.Build.0 = Release|Any CPU
		{23FE78F2-6113-41C7-A98A-C08FF88E9CD5}.Release|x64.ActiveCfg = Release|Any CPU
		{23FE78F2-6113-41C7-A98A-C08FF88E9CD5}.Release|x64.Build.0 = Release|Any CPU
		{23FE78F2-6113-41C7-A98A-C08FF88E9CD5}.Release|x86.ActiveCfg = Release|Any CPU
		{23FE78F2-6113-41C7-A98A-C08FF88E9CD5}.Release|x86.Build.0 = Release|Any CPU
	EndGlobalSection
	GlobalSection(SolutionProperties) = preSolution
		HideSolutionNode = FALSE
	EndGlobalSection
EndGlobal
